
Microsoft Visual Studio Solution File, Format Version 12.00
# Visual Studio Version 17
VisualStudioVersion = 17.9.34902.65
MinimumVisualStudioVersion = 10.0.40219.1
Project("{9A19103F-16F7-4668-BE54-9A1E7A4F7556}") = "Taviloglu.EnvGuard", "src\Taviloglu.EnvGuard\Taviloglu.EnvGuard.csproj", "{6B4327EB-CB1B-4BB3-87CE-9518AD6DFFF7}"
EndProject
Project("{9A19103F-16F7-4668-BE54-9A1E7A4F7556}") = "Taviloglu.EnvGuard.Tests", "tests\Taviloglu.EnvGuard.Tests\Taviloglu.EnvGuard.Tests.csproj", "{D385547D-3F23-46AE-ACBA-46D96929C45F}"
EndProject
Project("{2150E333-8FDC-42A3-9474-1A3956D46DE8}") = "tests", "tests", "{65DDB91F-C646-451E-887A-7CE0E93B5C22}"
EndProject
Project("{2150E333-8FDC-42A3-9474-1A3956D46DE8}") = "src", "src", "{A9B4547A-5459-4173-A58F-05AE62B0DD87}"
EndProject
Project("{2150E333-8FDC-42A3-9474-1A3956D46DE8}") = "benchmarks", "benchmarks", "{B16DB8EC-F1A5-42D5-BBBA-B188C134F086}"
EndProject
Project("{9A19103F-16F7-4668-BE54-9A1E7A4F7556}") = "Taviloglu.EnvGuard.Benchmarks", "benchmarks\Taviloglu.EnvGuard.Benchmarks\Taviloglu.EnvGuard.Benchmarks.csproj", "{43CAD3E4-EC54-46A8-8888-5D6FAC57482D}"
EndProject
Global
	GlobalSection(SolutionConfigurationPlatforms) = preSolution
		Debug|Any CPU = Debug|Any CPU
		Release|Any CPU = Release|Any CPU
	EndGlobalSection
	GlobalSection(ProjectConfigurationPlatforms) = postSolution
		{6B4327EB-CB1B-4BB3-87CE-9518AD6DFFF7}.Debug|Any CPU.ActiveCfg = Debug|Any CPU
		{6B4327EB-CB1B-4BB3-87CE-9518AD6DFFF7}.Debug|Any CPU.Build.0 = Debug|Any CPU
		{6B4327EB-CB1B-4BB3-87CE-9518AD6DFFF7}.Release|Any CPU.ActiveCfg = Release|Any CPU
		{6B4327EB-CB1B-4BB3-87CE-9518AD6DFFF7}.Release|Any CPU.Build.0 = Release|Any CPU
		{D385547D-3F23-46AE-ACBA-46D96929C45F}.Debug|Any CPU.ActiveCfg = Debug|Any CPU
		{D385547D-3F23-46AE-ACBA-46D96929C45F}.Debug|Any CPU.Build.0 = Debug|Any CPU
		{D385547D-3F23-46AE-ACBA-46D96929C45F}.Release|Any CPU.ActiveCfg = Release|Any CPU
		{D385547D-3F23-46AE-ACBA-46D96929C45F}.Release|Any CPU.Build.0 = Release|Any CPU
		{43CAD3E4-EC54-46A8-8888-5D6FAC57482D}.Debug|Any CPU.ActiveCfg = Debug|Any CPU
		{43CAD3E4-EC54-46A8-8888-5D6FAC57482D}.Debug|Any CPU.Build.0 = Debug|Any CPU
		{43CAD3E4-EC54-46A8-8888-5D6FAC57482D}.Release|Any CPU.ActiveCfg = Release|Any CPU
		{43CAD3E4-EC54-46A8-8888-5D6FAC57482D}.Release|Any CPU.Build.0 = Release|Any CPU
	EndGlobalSection
	GlobalSection(SolutionProperties) = preSolution
		HideSolutionNode = FALSE
	EndGlobalSection
	GlobalSection(NestedProjects) = preSolution
		{6B4327EB-CB1B-4BB3-87CE-9518AD6DFFF7} = {A9B4547A-5459-4173-A58F-05AE62B0DD87}
		{D385547D-3F23-46AE-ACBA-46D96929C45F} = {65DDB91F-C646-451E-887A-7CE0E93B5C22}
		{43CAD3E4-EC54-46A8-8888-5D6FAC57482D} = {B16DB8EC-F1A5-42D5-BBBA-B188C134F086}
	EndGlobalSection
	GlobalSection(ExtensibilityGlobals) = postSolution
		SolutionGuid = {75A5F6CA-365F-44BD-9D25-A085D225D758}
	EndGlobalSection
EndGlobal
